{
  "version": 4,
  "terraform_version": "1.3.9",
  "serial": 34,
  "lineage": "7338c5cf-ce5d-8c40-7a9d-bf98b6035fce",
  "outputs": {
    "cloud_instance_ipv4_output": {
      "value": "146.190.170.119",
      "type": "string"
    },
    "cloud_instance_zone_file_output": {
      "value": "$ORIGIN timestep.ai.\n$TTL 1800\ntimestep.ai. IN SOA ns1.digitalocean.com. hostmaster.timestep.ai. 1686541713 10800 3600 604800 1800\ntimestep.ai. 1800 IN NS ns1.digitalocean.com.\ntimestep.ai. 1800 IN NS ns2.digitalocean.com.\ntimestep.ai. 1800 IN NS ns3.digitalocean.com.\ntimestep.ai. 1800 IN A 146.190.170.119\n",
      "type": "string"
    }
  },
  "resources": [
    {
      "mode": "data",
      "type": "digitalocean_domain",
      "name": "cloud_domain_data_source",
      "provider": "provider[\"registry.terraform.io/digitalocean/digitalocean\"]",
      "instances": [
        {
          "schema_version": 0,
          "attributes": {
            "id": "timestep.ai",
            "name": "timestep.ai",
            "ttl": 1800,
            "urn": "do:domain:timestep.ai",
            "zone_file": "$ORIGIN timestep.ai.\n$TTL 1800\ntimestep.ai. IN SOA ns1.digitalocean.com. hostmaster.timestep.ai. 1686541713 10800 3600 604800 1800\ntimestep.ai. 1800 IN NS ns1.digitalocean.com.\ntimestep.ai. 1800 IN NS ns2.digitalocean.com.\ntimestep.ai. 1800 IN NS ns3.digitalocean.com.\ntimestep.ai. 1800 IN A 146.190.170.119\n"
          },
          "sensitive_attributes": []
        }
      ]
    },
    {
      "mode": "data",
      "type": "digitalocean_droplet",
      "name": "cloud_instance_data_source",
      "provider": "provider[\"registry.terraform.io/digitalocean/digitalocean\"]",
      "instances": [
        {
          "schema_version": 0,
          "attributes": {
            "backups": false,
            "created_at": "2023-06-12T03:47:52Z",
            "disk": 10,
            "id": 360157227,
            "image": "ubuntu-22-04-x64",
            "ipv4_address": "146.190.170.119",
            "ipv4_address_private": "10.124.0.2",
            "ipv6": false,
            "ipv6_address": null,
            "ipv6_address_private": null,
            "locked": false,
            "memory": 512,
            "monitoring": false,
            "name": "timestep-ai",
            "price_hourly": 0.00595,
            "price_monthly": 4,
            "private_networking": true,
            "region": "sfo3",
            "size": "s-1vcpu-512mb-10gb",
            "status": "active",
            "tag": null,
            "tags": [],
            "urn": "do:droplet:360157227",
            "vcpus": 1,
            "volume_ids": [],
            "vpc_uuid": "f0777249-6cb8-4b53-9d76-d118986de2a7"
          },
          "sensitive_attributes": []
        }
      ]
    },
    {
      "mode": "managed",
      "type": "digitalocean_domain",
      "name": "cloud_domain_resource",
      "provider": "provider[\"registry.terraform.io/digitalocean/digitalocean\"]",
      "instances": [
        {
          "schema_version": 0,
          "attributes": {
            "id": "timestep.ai",
            "ip_address": "146.190.170.119",
            "name": "timestep.ai",
            "ttl": 1800,
            "urn": "do:domain:timestep.ai"
          },
          "sensitive_attributes": [],
          "private": "bnVsbA==",
          "dependencies": [
            "digitalocean_droplet.cloud_instance_resource"
          ]
        }
      ]
    },
    {
      "mode": "managed",
      "type": "digitalocean_droplet",
      "name": "cloud_instance_resource",
      "provider": "provider[\"registry.terraform.io/digitalocean/digitalocean\"]",
      "instances": [
        {
          "schema_version": 1,
          "attributes": {
            "backups": false,
            "created_at": "2023-06-12T03:47:52Z",
            "disk": 10,
            "droplet_agent": null,
            "graceful_shutdown": false,
            "id": "360157227",
            "image": "ubuntu-22-04-x64",
            "ipv4_address": "146.190.170.119",
            "ipv4_address_private": "10.124.0.2",
            "ipv6": false,
            "ipv6_address": "",
            "locked": false,
            "memory": 512,
            "monitoring": false,
            "name": "timestep-ai",
            "price_hourly": 0.00595,
            "price_monthly": 4,
            "private_networking": true,
            "region": "sfo3",
            "resize_disk": true,
            "size": "s-1vcpu-512mb-10gb",
            "ssh_keys": null,
            "status": "active",
            "tags": [],
            "timeouts": null,
            "urn": "do:droplet:360157227",
            "user_data": "5e0517def319bb31e4ac6cc69ad8bfcdf67224cf",
            "vcpus": 1,
            "volume_ids": [],
            "vpc_uuid": "f0777249-6cb8-4b53-9d76-d118986de2a7"
          },
          "sensitive_attributes": [],
          "private": "eyJlMmJmYjczMC1lY2FhLTExZTYtOGY4OC0zNDM2M2JjN2M0YzAiOnsiY3JlYXRlIjozNjAwMDAwMDAwMDAwLCJkZWxldGUiOjYwMDAwMDAwMDAwLCJ1cGRhdGUiOjM2MDAwMDAwMDAwMDB9LCJzY2hlbWFfdmVyc2lvbiI6IjEifQ=="
        }
      ]
    },
    {
      "mode": "managed",
      "type": "namecheap_domain_records",
      "name": "cloud_domain_name_registrar_resource",
      "provider": "provider[\"registry.terraform.io/namecheap/namecheap\"]",
      "instances": [
        {
          "schema_version": 0,
          "attributes": {
            "domain": "timestep.ai",
            "email_type": null,
            "id": "timestep.ai",
            "mode": "OVERWRITE",
            "nameservers": [
              "ns1.digitalocean.com",
              "ns2.digitalocean.com",
              "ns3.digitalocean.com"
            ],
            "record": []
          },
          "sensitive_attributes": [],
          "private": "bnVsbA=="
        }
      ]
    }
  ],
  "check_results": null
}
